// !$*UTF8*$!
{
	archiveVersion = 1;
	classes = {
	};
	objectVersion = 50;
	objects = {

/* Begin PBXBuildFile section */
		18D73E34250E4760005F3FB9 /* 09用两个栈实现队列.swift in Sources */ = {isa = PBXBuildFile; fileRef = 18D73E33250E4760005F3FB9 /* 09用两个栈实现队列.swift */; };
		18D73E36250EDBCC005F3FB9 /* 11旋转数组的最小数字.swift in Sources */ = {isa = PBXBuildFile; fileRef = 18D73E35250EDBCC005F3FB9 /* 11旋转数组的最小数字.swift */; };
		18D73E38250EE3CD005F3FB9 /* 10斐波那契数列.swift in Sources */ = {isa = PBXBuildFile; fileRef = 18D73E37250EE3CD005F3FB9 /* 10斐波那契数列.swift */; };
		18D73E3A2512CB17005F3FB9 /* 12矩阵中的路径.swift in Sources */ = {isa = PBXBuildFile; fileRef = 18D73E392512CB17005F3FB9 /* 12矩阵中的路径.swift */; };
		18D73E3C2512DB0D005F3FB9 /* 13机器人的运动范围.swift in Sources */ = {isa = PBXBuildFile; fileRef = 18D73E3B2512DB0D005F3FB9 /* 13机器人的运动范围.swift */; };
		18D73E3E2516E9C5005F3FB9 /* 14剪绳子.swift in Sources */ = {isa = PBXBuildFile; fileRef = 18D73E3D2516E9C5005F3FB9 /* 14剪绳子.swift */; };
		18FC1FDA250CB56A002D16B0 /* 02Singleton.swift in Sources */ = {isa = PBXBuildFile; fileRef = 18FC1FD9250CB56A002D16B0 /* 02Singleton.swift */; };
		18FC1FDC250CB716002D16B0 /* 04二维数组中的查找.swift in Sources */ = {isa = PBXBuildFile; fileRef = 18FC1FDB250CB716002D16B0 /* 04二维数组中的查找.swift */; };
		18FC1FDE250E2677002D16B0 /* 05替换空格.swift in Sources */ = {isa = PBXBuildFile; fileRef = 18FC1FDD250E2677002D16B0 /* 05替换空格.swift */; };
		18FC1FE0250E2D81002D16B0 /* 06从尾到头打印链表.swift in Sources */ = {isa = PBXBuildFile; fileRef = 18FC1FDF250E2D81002D16B0 /* 06从尾到头打印链表.swift */; };
		18FC1FE2250E2DCC002D16B0 /* Define.swift in Sources */ = {isa = PBXBuildFile; fileRef = 18FC1FE1250E2DCC002D16B0 /* Define.swift */; };
		18FC1FE4250E31A6002D16B0 /* 07重建二叉树.swift in Sources */ = {isa = PBXBuildFile; fileRef = 18FC1FE3250E31A6002D16B0 /* 07重建二叉树.swift */; };
		B46061F124EBC05C008187B5 /* main.swift in Sources */ = {isa = PBXBuildFile; fileRef = B46061F024EBC05C008187B5 /* main.swift */; };
		B46061FA24EBC275008187B5 /* binary.swift in Sources */ = {isa = PBXBuildFile; fileRef = B46061F924EBC275008187B5 /* binary.swift */; };
		B46061FE24EBF36F008187B5 /* slidingWindow.swift in Sources */ = {isa = PBXBuildFile; fileRef = B46061FD24EBF36F008187B5 /* slidingWindow.swift */; };
		B4C5FEC525184412005EE069 /* 15二进制中1的个数.swift in Sources */ = {isa = PBXBuildFile; fileRef = B4C5FEC425184412005EE069 /* 15二进制中1的个数.swift */; };
		B4C5FEC72518543E005EE069 /* 16数值的整数次方.swift in Sources */ = {isa = PBXBuildFile; fileRef = B4C5FEC62518543E005EE069 /* 16数值的整数次方.swift */; };
		B4C5FEC925198F05005EE069 /* 17打印从1到最大的n位数.swift in Sources */ = {isa = PBXBuildFile; fileRef = B4C5FEC825198F05005EE069 /* 17打印从1到最大的n位数.swift */; };
		B4C5FECB2519971F005EE069 /* 18删除链表的节点.swift in Sources */ = {isa = PBXBuildFile; fileRef = B4C5FECA2519971F005EE069 /* 18删除链表的节点.swift */; };
		B4C5FECD251ADFE8005EE069 /* 19正则表达式匹配.swift in Sources */ = {isa = PBXBuildFile; fileRef = B4C5FECC251ADFE8005EE069 /* 19正则表达式匹配.swift */; };
		B4C5FECF251B0D86005EE069 /* 20表示数值的字符串.swift in Sources */ = {isa = PBXBuildFile; fileRef = B4C5FECE251B0D86005EE069 /* 20表示数值的字符串.swift */; };
/* End PBXBuildFile section */

/* Begin PBXCopyFilesBuildPhase section */
		B46061EB24EBC05C008187B5 /* CopyFiles */ = {
			isa = PBXCopyFilesBuildPhase;
			buildActionMask = 2147483647;
			dstPath = /usr/share/man/man1/;
			dstSubfolderSpec = 0;
			files = (
			);
			runOnlyForDeploymentPostprocessing = 1;
		};
/* End PBXCopyFilesBuildPhase section */

/* Begin PBXFileReference section */
		18D73E33250E4760005F3FB9 /* 09用两个栈实现队列.swift */ = {isa = PBXFileReference; lastKnownFileType = sourcecode.swift; path = "09用两个栈实现队列.swift"; sourceTree = "<group>"; };
		18D73E35250EDBCC005F3FB9 /* 11旋转数组的最小数字.swift */ = {isa = PBXFileReference; lastKnownFileType = sourcecode.swift; path = "11旋转数组的最小数字.swift"; sourceTree = "<group>"; };
		18D73E37250EE3CD005F3FB9 /* 10斐波那契数列.swift */ = {isa = PBXFileReference; lastKnownFileType = sourcecode.swift; path = "10斐波那契数列.swift"; sourceTree = "<group>"; };
		18D73E392512CB17005F3FB9 /* 12矩阵中的路径.swift */ = {isa = PBXFileReference; lastKnownFileType = sourcecode.swift; path = "12矩阵中的路径.swift"; sourceTree = "<group>"; };
		18D73E3B2512DB0D005F3FB9 /* 13机器人的运动范围.swift */ = {isa = PBXFileReference; lastKnownFileType = sourcecode.swift; path = "13机器人的运动范围.swift"; sourceTree = "<group>"; };
		18D73E3D2516E9C5005F3FB9 /* 14剪绳子.swift */ = {isa = PBXFileReference; lastKnownFileType = sourcecode.swift; path = "14剪绳子.swift"; sourceTree = "<group>"; };
		18FC1FD9250CB56A002D16B0 /* 02Singleton.swift */ = {isa = PBXFileReference; lastKnownFileType = sourcecode.swift; path = 02Singleton.swift; sourceTree = "<group>"; };
		18FC1FDB250CB716002D16B0 /* 04二维数组中的查找.swift */ = {isa = PBXFileReference; lastKnownFileType = sourcecode.swift; path = "04二维数组中的查找.swift"; sourceTree = "<group>"; };
		18FC1FDD250E2677002D16B0 /* 05替换空格.swift */ = {isa = PBXFileReference; lastKnownFileType = sourcecode.swift; path = "05替换空格.swift"; sourceTree = "<group>"; };
		18FC1FDF250E2D81002D16B0 /* 06从尾到头打印链表.swift */ = {isa = PBXFileReference; lastKnownFileType = sourcecode.swift; path = "06从尾到头打印链表.swift"; sourceTree = "<group>"; };
		18FC1FE1250E2DCC002D16B0 /* Define.swift */ = {isa = PBXFileReference; lastKnownFileType = sourcecode.swift; path = Define.swift; sourceTree = "<group>"; };
		18FC1FE3250E31A6002D16B0 /* 07重建二叉树.swift */ = {isa = PBXFileReference; lastKnownFileType = sourcecode.swift; path = "07重建二叉树.swift"; sourceTree = "<group>"; };
		B46061ED24EBC05C008187B5 /* Algorithm */ = {isa = PBXFileReference; explicitFileType = "compiled.mach-o.executable"; includeInIndex = 0; path = Algorithm; sourceTree = BUILT_PRODUCTS_DIR; };
		B46061F024EBC05C008187B5 /* main.swift */ = {isa = PBXFileReference; lastKnownFileType = sourcecode.swift; path = main.swift; sourceTree = "<group>"; };
		B46061F924EBC275008187B5 /* binary.swift */ = {isa = PBXFileReference; lastKnownFileType = sourcecode.swift; path = binary.swift; sourceTree = "<group>"; };
		B46061FD24EBF36F008187B5 /* slidingWindow.swift */ = {isa = PBXFileReference; lastKnownFileType = sourcecode.swift; path = slidingWindow.swift; sourceTree = "<group>"; };
		B4C5FEC425184412005EE069 /* 15二进制中1的个数.swift */ = {isa = PBXFileReference; lastKnownFileType = sourcecode.swift; path = "15二进制中1的个数.swift"; sourceTree = "<group>"; };
		B4C5FEC62518543E005EE069 /* 16数值的整数次方.swift */ = {isa = PBXFileReference; lastKnownFileType = sourcecode.swift; path = "16数值的整数次方.swift"; sourceTree = "<group>"; };
		B4C5FEC825198F05005EE069 /* 17打印从1到最大的n位数.swift */ = {isa = PBXFileReference; lastKnownFileType = sourcecode.swift; path = "17打印从1到最大的n位数.swift"; sourceTree = "<group>"; };
		B4C5FECA2519971F005EE069 /* 18删除链表的节点.swift */ = {isa = PBXFileReference; lastKnownFileType = sourcecode.swift; path = "18删除链表的节点.swift"; sourceTree = "<group>"; };
		B4C5FECC251ADFE8005EE069 /* 19正则表达式匹配.swift */ = {isa = PBXFileReference; lastKnownFileType = sourcecode.swift; path = "19正则表达式匹配.swift"; sourceTree = "<group>"; };
		B4C5FECE251B0D86005EE069 /* 20表示数值的字符串.swift */ = {isa = PBXFileReference; lastKnownFileType = sourcecode.swift; path = "20表示数值的字符串.swift"; sourceTree = "<group>"; };
/* End PBXFileReference section */

/* Begin PBXFrameworksBuildPhase section */
		B46061EA24EBC05C008187B5 /* Frameworks */ = {
			isa = PBXFrameworksBuildPhase;
			buildActionMask = 2147483647;
			files = (
			);
			runOnlyForDeploymentPostprocessing = 0;
		};
/* End PBXFrameworksBuildPhase section */

/* Begin PBXGroup section */
		18FC1FD8250CAE31002D16B0 /* 剑指Offer */ = {
			isa = PBXGroup;
			children = (
				18FC1FE1250E2DCC002D16B0 /* Define.swift */,
				18FC1FD9250CB56A002D16B0 /* 02Singleton.swift */,
				18FC1FDB250CB716002D16B0 /* 04二维数组中的查找.swift */,
				18FC1FDD250E2677002D16B0 /* 05替换空格.swift */,
				18FC1FDF250E2D81002D16B0 /* 06从尾到头打印链表.swift */,
				18FC1FE3250E31A6002D16B0 /* 07重建二叉树.swift */,
				18D73E33250E4760005F3FB9 /* 09用两个栈实现队列.swift */,
				18D73E37250EE3CD005F3FB9 /* 10斐波那契数列.swift */,
				18D73E35250EDBCC005F3FB9 /* 11旋转数组的最小数字.swift */,
				18D73E392512CB17005F3FB9 /* 12矩阵中的路径.swift */,
				18D73E3B2512DB0D005F3FB9 /* 13机器人的运动范围.swift */,
				18D73E3D2516E9C5005F3FB9 /* 14剪绳子.swift */,
				B4C5FEC425184412005EE069 /* 15二进制中1的个数.swift */,
				B4C5FEC62518543E005EE069 /* 16数值的整数次方.swift */,
				B4C5FEC825198F05005EE069 /* 17打印从1到最大的n位数.swift */,
				B4C5FECA2519971F005EE069 /* 18删除链表的节点.swift */,
				B4C5FECC251ADFE8005EE069 /* 19正则表达式匹配.swift */,
				B4C5FECE251B0D86005EE069 /* 20表示数值的字符串.swift */,
			);
			path = "剑指Offer";
			sourceTree = "<group>";
		};
		B46061E424EBC05C008187B5 = {
			isa = PBXGroup;
			children = (
				B46061EF24EBC05C008187B5 /* Algorithm */,
				B46061EE24EBC05C008187B5 /* Products */,
			);
			sourceTree = "<group>";
		};
		B46061EE24EBC05C008187B5 /* Products */ = {
			isa = PBXGroup;
			children = (
				B46061ED24EBC05C008187B5 /* Algorithm */,
			);
			name = Products;
			sourceTree = "<group>";
		};
		B46061EF24EBC05C008187B5 /* Algorithm */ = {
			isa = PBXGroup;
			children = (
				18FC1FD8250CAE31002D16B0 /* 剑指Offer */,
				B46061F024EBC05C008187B5 /* main.swift */,
				B46061F924EBC275008187B5 /* binary.swift */,
				B46061FD24EBF36F008187B5 /* slidingWindow.swift */,
			);
			path = Algorithm;
			sourceTree = "<group>";
		};
/* End PBXGroup section */

/* Begin PBXNativeTarget section */
		B46061EC24EBC05C008187B5 /* Algorithm */ = {
			isa = PBXNativeTarget;
			buildConfigurationList = B46061F424EBC05C008187B5 /* Build configuration list for PBXNativeTarget "Algorithm" */;
			buildPhases = (
				B46061E924EBC05C008187B5 /* Sources */,
				B46061EA24EBC05C008187B5 /* Frameworks */,
				B46061EB24EBC05C008187B5 /* CopyFiles */,
			);
			buildRules = (
			);
			dependencies = (
			);
			name = Algorithm;
			productName = Algorithm;
			productReference = B46061ED24EBC05C008187B5 /* Algorithm */;
			productType = "com.apple.product-type.tool";
		};
/* End PBXNativeTarget section */

/* Begin PBXProject section */
		B46061E524EBC05C008187B5 /* Project object */ = {
			isa = PBXProject;
			attributes = {
				LastSwiftUpdateCheck = 1010;
				LastUpgradeCheck = 1010;
				ORGANIZATIONNAME = "叶煌斌";
				TargetAttributes = {
					B46061EC24EBC05C008187B5 = {
						CreatedOnToolsVersion = 10.1;
						LastSwiftMigration = 1010;
					};
				};
			};
			buildConfigurationList = B46061E824EBC05C008187B5 /* Build configuration list for PBXProject "Algorithm" */;
			compatibilityVersion = "Xcode 9.3";
			developmentRegion = en;
			hasScannedForEncodings = 0;
			knownRegions = (
				en,
			);
			mainGroup = B46061E424EBC05C008187B5;
			productRefGroup = B46061EE24EBC05C008187B5 /* Products */;
			projectDirPath = "";
			projectRoot = "";
			targets = (
				B46061EC24EBC05C008187B5 /* Algorithm */,
			);
		};
/* End PBXProject section */

/* Begin PBXSourcesBuildPhase section */
		B46061E924EBC05C008187B5 /* Sources */ = {
			isa = PBXSourcesBuildPhase;
			buildActionMask = 2147483647;
			files = (
				B4C5FEC925198F05005EE069 /* 17打印从1到最大的n位数.swift in Sources */,
				B4C5FEC72518543E005EE069 /* 16数值的整数次方.swift in Sources */,
				18FC1FE0250E2D81002D16B0 /* 06从尾到头打印链表.swift in Sources */,
				B46061FE24EBF36F008187B5 /* slidingWindow.swift in Sources */,
				18FC1FE2250E2DCC002D16B0 /* Define.swift in Sources */,
				18FC1FDA250CB56A002D16B0 /* 02Singleton.swift in Sources */,
				18D73E3C2512DB0D005F3FB9 /* 13机器人的运动范围.swift in Sources */,
				B4C5FECD251ADFE8005EE069 /* 19正则表达式匹配.swift in Sources */,
				18D73E3E2516E9C5005F3FB9 /* 14剪绳子.swift in Sources */,
				18FC1FE4250E31A6002D16B0 /* 07重建二叉树.swift in Sources */,
				B46061FA24EBC275008187B5 /* binary.swift in Sources */,
				18FC1FDE250E2677002D16B0 /* 05替换空格.swift in Sources */,
				18D73E3A2512CB17005F3FB9 /* 12矩阵中的路径.swift in Sources */,
				B4C5FEC525184412005EE069 /* 15二进制中1的个数.swift in Sources */,
				18D73E38250EE3CD005F3FB9 /* 10斐波那契数列.swift in Sources */,
				B4C5FECF251B0D86005EE069 /* 20表示数值的字符串.swift in Sources */,
				18FC1FDC250CB716002D16B0 /* 04二维数组中的查找.swift in Sources */,
				18D73E34250E4760005F3FB9 /* 09用两个栈实现队列.swift in Sources */,
				B4C5FECB2519971F005EE069 /* 18删除链表的节点.swift in Sources */,
				B46061F124EBC05C008187B5 /* main.swift in Sources */,
				18D73E36250EDBCC005F3FB9 /* 11旋转数组的最小数字.swift in Sources */,
			);
			runOnlyForDeploymentPostprocessing = 0;
		};
/* End PBXSourcesBuildPhase section */

/* Begin XCBuildConfiguration section */
		B46061F224EBC05C008187B5 /* Debug */ = {
			isa = XCBuildConfiguration;
			buildSettings = {
				ALWAYS_SEARCH_USER_PATHS = NO;
				CLANG_ANALYZER_NONNULL = YES;
				CLANG_ANALYZER_NUMBER_OBJECT_CONVERSION = YES_AGGRESSIVE;
				CLANG_CXX_LANGUAGE_STANDARD = "gnu++14";
				CLANG_CXX_LIBRARY = "libc++";
				CLANG_ENABLE_MODULES = YES;
				CLANG_ENABLE_OBJC_ARC = YES;
				CLANG_ENABLE_OBJC_WEAK = YES;
				CLANG_WARN_BLOCK_CAPTURE_AUTORELEASING = YES;
				CLANG_WARN_BOOL_CONVERSION = YES;
				CLANG_WARN_COMMA = YES;
				CLANG_WARN_CONSTANT_CONVERSION = YES;
				CLANG_WARN_DEPRECATED_OBJC_IMPLEMENTATIONS = YES;
				CLANG_WARN_DIRECT_OBJC_ISA_USAGE = YES_ERROR;
				CLANG_WARN_DOCUMENTATION_COMMENTS = YES;
				CLANG_WARN_EMPTY_BODY = YES;
				CLANG_WARN_ENUM_CONVERSION = YES;
				CLANG_WARN_INFINITE_RECURSION = YES;
				CLANG_WARN_INT_CONVERSION = YES;
				CLANG_WARN_NON_LITERAL_NULL_CONVERSION = YES;
				CLANG_WARN_OBJC_IMPLICIT_RETAIN_SELF = YES;
				CLANG_WARN_OBJC_LITERAL_CONVERSION = YES;
				CLANG_WARN_OBJC_ROOT_CLASS = YES_ERROR;
				CLANG_WARN_RANGE_LOOP_ANALYSIS = YES;
				CLANG_WARN_STRICT_PROTOTYPES = YES;
				CLANG_WARN_SUSPICIOUS_MOVE = YES;
				CLANG_WARN_UNGUARDED_AVAILABILITY = YES_AGGRESSIVE;
				CLANG_WARN_UNREACHABLE_CODE = YES;
				CLANG_WARN__DUPLICATE_METHOD_MATCH = YES;
				CODE_SIGN_IDENTITY = "Mac Developer";
				COPY_PHASE_STRIP = NO;
				DEBUG_INFORMATION_FORMAT = dwarf;
				ENABLE_STRICT_OBJC_MSGSEND = YES;
				ENABLE_TESTABILITY = YES;
				GCC_C_LANGUAGE_STANDARD = gnu11;
				GCC_DYNAMIC_NO_PIC = NO;
				GCC_NO_COMMON_BLOCKS = YES;
				GCC_OPTIMIZATION_LEVEL = 0;
				GCC_PREPROCESSOR_DEFINITIONS = (
					"DEBUG=1",
					"$(inherited)",
				);
				GCC_WARN_64_TO_32_BIT_CONVERSION = YES;
				GCC_WARN_ABOUT_RETURN_TYPE = YES_ERROR;
				GCC_WARN_UNDECLARED_SELECTOR = YES;
				GCC_WARN_UNINITIALIZED_AUTOS = YES_AGGRESSIVE;
				GCC_WARN_UNUSED_FUNCTION = YES;
				GCC_WARN_UNUSED_VARIABLE = YES;
				MACOSX_DEPLOYMENT_TARGET = 10.15;
				MTL_ENABLE_DEBUG_INFO = INCLUDE_SOURCE;
				MTL_FAST_MATH = YES;
				ONLY_ACTIVE_ARCH = YES;
				SDKROOT = macosx;
				SWIFT_ACTIVE_COMPILATION_CONDITIONS = DEBUG;
				SWIFT_OPTIMIZATION_LEVEL = "-Onone";
			};
			name = Debug;
		};
		B46061F324EBC05C008187B5 /* Release */ = {
			isa = XCBuildConfiguration;
			buildSettings = {
				ALWAYS_SEARCH_USER_PATHS = NO;
				CLANG_ANALYZER_NONNULL = YES;
				CLANG_ANALYZER_NUMBER_OBJECT_CONVERSION = YES_AGGRESSIVE;
				CLANG_CXX_LANGUAGE_STANDARD = "gnu++14";
				CLANG_CXX_LIBRARY = "libc++";
				CLANG_ENABLE_MODULES = YES;
				CLANG_ENABLE_OBJC_ARC = YES;
				CLANG_ENABLE_OBJC_WEAK = YES;
				CLANG_WARN_BLOCK_CAPTURE_AUTORELEASING = YES;
				CLANG_WARN_BOOL_CONVERSION = YES;
				CLANG_WARN_COMMA = YES;
				CLANG_WARN_CONSTANT_CONVERSION = YES;
				CLANG_WARN_DEPRECATED_OBJC_IMPLEMENTATIONS = YES;
				CLANG_WARN_DIRECT_OBJC_ISA_USAGE = YES_ERROR;
				CLANG_WARN_DOCUMENTATION_COMMENTS = YES;
				CLANG_WARN_EMPTY_BODY = YES;
				CLANG_WARN_ENUM_CONVERSION = YES;
				CLANG_WARN_INFINITE_RECURSION = YES;
				CLANG_WARN_INT_CONVERSION = YES;
				CLANG_WARN_NON_LITERAL_NULL_CONVERSION = YES;
				CLANG_WARN_OBJC_IMPLICIT_RETAIN_SELF = YES;
				CLANG_WARN_OBJC_LITERAL_CONVERSION = YES;
				CLANG_WARN_OBJC_ROOT_CLASS = YES_ERROR;
				CLANG_WARN_RANGE_LOOP_ANALYSIS = YES;
				CLANG_WARN_STRICT_PROTOTYPES = YES;
				CLANG_WARN_SUSPICIOUS_MOVE = YES;
				CLANG_WARN_UNGUARDED_AVAILABILITY = YES_AGGRESSIVE;
				CLANG_WARN_UNREACHABLE_CODE = YES;
				CLANG_WARN__DUPLICATE_METHOD_MATCH = YES;
				CODE_SIGN_IDENTITY = "Mac Developer";
				COPY_PHASE_STRIP = NO;
				DEBUG_INFORMATION_FORMAT = "dwarf-with-dsym";
				ENABLE_NS_ASSERTIONS = NO;
				ENABLE_STRICT_OBJC_MSGSEND = YES;
				GCC_C_LANGUAGE_STANDARD = gnu11;
				GCC_NO_COMMON_BLOCKS = YES;
				GCC_WARN_64_TO_32_BIT_CONVERSION = YES;
				GCC_WARN_ABOUT_RETURN_TYPE = YES_ERROR;
				GCC_WARN_UNDECLARED_SELECTOR = YES;
				GCC_WARN_UNINITIALIZED_AUTOS = YES_AGGRESSIVE;
				GCC_WARN_UNUSED_FUNCTION = YES;
				GCC_WARN_UNUSED_VARIABLE = YES;
				MACOSX_DEPLOYMENT_TARGET = 10.15;
				MTL_ENABLE_DEBUG_INFO = NO;
				MTL_FAST_MATH = YES;
				SDKROOT = macosx;
				SWIFT_COMPILATION_MODE = wholemodule;
				SWIFT_OPTIMIZATION_LEVEL = "-O";
			};
			name = Release;
		};
		B46061F524EBC05C008187B5 /* Debug */ = {
			isa = XCBuildConfiguration;
			buildSettings = {
				CLANG_ENABLE_MODULES = YES;
				CODE_SIGN_STYLE = Automatic;
				DEVELOPMENT_TEAM = 2XV53X9VXU;
				LD_RUNPATH_SEARCH_PATHS = (
					"$(inherited)",
					"@executable_path/../Frameworks",
					"@loader_path/../Frameworks",
				);
				MACOSX_DEPLOYMENT_TARGET = 10.12;
				PRODUCT_NAME = "$(TARGET_NAME)";
				SWIFT_OPTIMIZATION_LEVEL = "-Onone";
				SWIFT_VERSION = 4.2;
			};
			name = Debug;
		};
		B46061F624EBC05C008187B5 /* Release */ = {
			isa = XCBuildConfiguration;
			buildSettings = {
				CLANG_ENABLE_MODULES = YES;
				CODE_SIGN_STYLE = Automatic;
				DEVELOPMENT_TEAM = 2XV53X9VXU;
				LD_RUNPATH_SEARCH_PATHS = (
					"$(inherited)",
					"@executable_path/../Frameworks",
					"@loader_path/../Frameworks",
				);
				MACOSX_DEPLOYMENT_TARGET = 10.12;
				PRODUCT_NAME = "$(TARGET_NAME)";
				SWIFT_VERSION = 4.2;
			};
			name = Release;
		};
/* End XCBuildConfiguration section */

/* Begin XCConfigurationList section */
		B46061E824EBC05C008187B5 /* Build configuration list for PBXProject "Algorithm" */ = {
			isa = XCConfigurationList;
			buildConfigurations = (
				B46061F224EBC05C008187B5 /* Debug */,
				B46061F324EBC05C008187B5 /* Release */,
			);
			defaultConfigurationIsVisible = 0;
			defaultConfigurationName = Release;
		};
		B46061F424EBC05C008187B5 /* Build configuration list for PBXNativeTarget "Algorithm" */ = {
			isa = XCConfigurationList;
			buildConfigurations = (
				B46061F524EBC05C008187B5 /* Debug */,
				B46061F624EBC05C008187B5 /* Release */,
			);
			defaultConfigurationIsVisible = 0;
			defaultConfigurationName = Release;
		};
/* End XCConfigurationList section */
	};
	rootObject = B46061E524EBC05C008187B5 /* Project object */;
}
